
Microsoft Visual Studio Solution File, Format Version 12.00
# Visual Studio Version 17
VisualStudioVersion = 17.6.33723.286
MinimumVisualStudioVersion = 10.0.40219.1
Project("{9A19103F-16F7-4668-BE54-9A1E7A4F7556}") = "DaprAndAzureFunctions", "src\DaprAndAzureFunctions.csproj", "{6E658B04-B9BF-4995-A1E5-63829F6CCE54}"
EndProject
Project("{E53339B2-1760-4266-BCC7-CA923CBCF16C}") = "docker-compose", "docker-compose.dcproj", "{BDA10738-F329-44C0-9FF3-461C38855187}"
EndProject
Global
	GlobalSection(SolutionConfigurationPlatforms) = preSolution
		Debug|Any CPU = Debug|Any CPU
		Release|Any CPU = Release|Any CPU
	EndGlobalSection
	GlobalSection(ProjectConfigurationPlatforms) = postSolution
		{6E658B04-B9BF-4995-A1E5-63829F6CCE54}.Debug|Any CPU.ActiveCfg = Debug|Any CPU
		{6E658B04-B9BF-4995-A1E5-63829F6CCE54}.Debug|Any CPU.Build.0 = Debug|Any CPU
		{6E658B04-B9BF-4995-A1E5-63829F6CCE54}.Release|Any CPU.ActiveCfg = Release|Any CPU
		{6E658B04-B9BF-4995-A1E5-63829F6CCE54}.Release|Any CPU.Build.0 = Release|Any CPU
		{BDA10738-F329-44C0-9FF3-461C38855187}.Debug|Any CPU.ActiveCfg = Debug|Any CPU
		{BDA10738-F329-44C0-9FF3-461C38855187}.Debug|Any CPU.Build.0 = Debug|Any CPU
		{BDA10738-F329-44C0-9FF3-461C38855187}.Release|Any CPU.ActiveCfg = Release|Any CPU
		{BDA10738-F329-44C0-9FF3-461C38855187}.Release|Any CPU.Build.0 = Release|Any CPU
	EndGlobalSection
	GlobalSection(SolutionProperties) = preSolution
		HideSolutionNode = FALSE
	EndGlobalSection
	GlobalSection(ExtensibilityGlobals) = postSolution
		SolutionGuid = {A7685AF3-6950-4635-9820-18E22C0BC83F}
	EndGlobalSection
EndGlobal
