
Microsoft Visual Studio Solution File, Format Version 12.00
# Visual Studio Version 17
VisualStudioVersion = 17.6.33829.357
MinimumVisualStudioVersion = 10.0.40219.1
Project("{9A19103F-16F7-4668-BE54-9A1E7A4F7556}") = "DaprWorkflows", "DaprWorkflows.csproj", "{1944E9B8-DFAA-47B2-B553-06063314CBAC}"
EndProject
Project("{E53339B2-1760-4266-BCC7-CA923CBCF16C}") = "docker-compose", "docker-compose.dcproj", "{F2ABA184-E2D3-4B9F-ABBF-4D1B14A895E3}"
EndProject
Global
	GlobalSection(SolutionConfigurationPlatforms) = preSolution
		Debug|Any CPU = Debug|Any CPU
		Release|Any CPU = Release|Any CPU
	EndGlobalSection
	GlobalSection(ProjectConfigurationPlatforms) = postSolution
		{1944E9B8-DFAA-47B2-B553-06063314CBAC}.Debug|Any CPU.ActiveCfg = Debug|Any CPU
		{1944E9B8-DFAA-47B2-B553-06063314CBAC}.Debug|Any CPU.Build.0 = Debug|Any CPU
		{1944E9B8-DFAA-47B2-B553-06063314CBAC}.Release|Any CPU.ActiveCfg = Release|Any CPU
		{1944E9B8-DFAA-47B2-B553-06063314CBAC}.Release|Any CPU.Build.0 = Release|Any CPU
		{F2ABA184-E2D3-4B9F-ABBF-4D1B14A895E3}.Debug|Any CPU.ActiveCfg = Debug|Any CPU
		{F2ABA184-E2D3-4B9F-ABBF-4D1B14A895E3}.Debug|Any CPU.Build.0 = Debug|Any CPU
		{F2ABA184-E2D3-4B9F-ABBF-4D1B14A895E3}.Release|Any CPU.ActiveCfg = Release|Any CPU
		{F2ABA184-E2D3-4B9F-ABBF-4D1B14A895E3}.Release|Any CPU.Build.0 = Release|Any CPU
	EndGlobalSection
	GlobalSection(SolutionProperties) = preSolution
		HideSolutionNode = FALSE
	EndGlobalSection
	GlobalSection(ExtensibilityGlobals) = postSolution
		SolutionGuid = {85F5EA41-6E52-44FE-B33D-D8CA1BC62468}
	EndGlobalSection
EndGlobal
